
Microsoft Visual Studio Solution File, Format Version 12.00
# Visual Studio Version 17
VisualStudioVersion = 17.7.34031.279
MinimumVisualStudioVersion = 10.0.40219.1
Project("{FAE04EC0-301F-11D3-BF4B-00C04F79EFBC}") = "Semana6_Problema02", "Semana6_Problema02.csproj", "{0BFFA318-0D5F-4168-A235-570CCC6BAD92}"
EndProject
Global
	GlobalSection(SolutionConfigurationPlatforms) = preSolution
		Debug|Any CPU = Debug|Any CPU
		Release|Any CPU = Release|Any CPU
	EndGlobalSection
	GlobalSection(ProjectConfigurationPlatforms) = postSolution
		{0BFFA318-0D5F-4168-A235-570CCC6BAD92}.Debug|Any CPU.ActiveCfg = Debug|Any CPU
		{0BFFA318-0D5F-4168-A235-570CCC6BAD92}.Debug|Any CPU.Build.0 = Debug|Any CPU
		{0BFFA318-0D5F-4168-A235-570CCC6BAD92}.Release|Any CPU.ActiveCfg = Release|Any CPU
		{0BFFA318-0D5F-4168-A235-570CCC6BAD92}.Release|Any CPU.Build.0 = Release|Any CPU
	EndGlobalSection
	GlobalSection(SolutionProperties) = preSolution
		HideSolutionNode = FALSE
	EndGlobalSection
	GlobalSection(ExtensibilityGlobals) = postSolution
		SolutionGuid = {E6B219B7-1013-4259-99D4-9F08C8CEBDB9}
	EndGlobalSection
EndGlobal
